
Microsoft Visual Studio Solution File, Format Version 12.00
# Visual Studio Version 17
VisualStudioVersion = 17.3.32901.215
MinimumVisualStudioVersion = 10.0.40219.1
Project("{FAE04EC0-301F-11D3-BF4B-00C04F79EFBC}") = "SelectionStatementsExercise", "SelectionStatementsExercise\SelectionStatementsExercise.csproj", "{ADCCCFDF-9F05-492C-959B-55A22739EEC1}"
EndProject
Global
	GlobalSection(SolutionConfigurationPlatforms) = preSolution
		Debug|Any CPU = Debug|Any CPU
		Release|Any CPU = Release|Any CPU
	EndGlobalSection
	GlobalSection(ProjectConfigurationPlatforms) = postSolution
		{ADCCCFDF-9F05-492C-959B-55A22739EEC1}.Debug|Any CPU.ActiveCfg = Debug|Any CPU
		{ADCCCFDF-9F05-492C-959B-55A22739EEC1}.Debug|Any CPU.Build.0 = Debug|Any CPU
		{ADCCCFDF-9F05-492C-959B-55A22739EEC1}.Release|Any CPU.ActiveCfg = Release|Any CPU
		{ADCCCFDF-9F05-492C-959B-55A22739EEC1}.Release|Any CPU.Build.0 = Release|Any CPU
	EndGlobalSection
	GlobalSection(SolutionProperties) = preSolution
		HideSolutionNode = FALSE
	EndGlobalSection
	GlobalSection(ExtensibilityGlobals) = postSolution
		SolutionGuid = {A244BCA6-4064-4953-804C-79A3785966B2}
	EndGlobalSection
EndGlobal
